{
  "object": {
    "pins": [
      {
        "package": "swift-raylib",
        "repositoryURL": "https://github.com/Lancelotbronner/swift-raylib",
        "state": {
          "branch": "main",
          "revision": "85d75541876af78314acdfae4eddb39e6b57afa7",
          "version": null
        }
      }
    ]
  },
  "version": 1
}
